
Microsoft Visual Studio Solution File, Format Version 12.00
# Visual Studio Version 16
VisualStudioVersion = 16.0.29613.14
MinimumVisualStudioVersion = 10.0.40219.1
Project("{FAE04EC0-301F-11D3-BF4B-00C04F79EFBC}") = "ChronometerDemo", "ChronometerDemo\ChronometerDemo.csproj", "{A1F2A317-DECE-4B5B-AF90-1858A9C121A0}"
EndProject
Project("{FAE04EC0-301F-11D3-BF4B-00C04F79EFBC}") = "Cells", "Cells\Cells.csproj", "{C45FA6B5-13A8-4733-AB34-98E10292F7BC}"
EndProject
Global
	GlobalSection(SolutionConfigurationPlatforms) = preSolution
		Debug|Any CPU = Debug|Any CPU
		Release|Any CPU = Release|Any CPU
	EndGlobalSection
	GlobalSection(ProjectConfigurationPlatforms) = postSolution
		{A1F2A317-DECE-4B5B-AF90-1858A9C121A0}.Debug|Any CPU.ActiveCfg = Debug|Any CPU
		{A1F2A317-DECE-4B5B-AF90-1858A9C121A0}.Debug|Any CPU.Build.0 = Debug|Any CPU
		{A1F2A317-DECE-4B5B-AF90-1858A9C121A0}.Release|Any CPU.ActiveCfg = Release|Any CPU
		{A1F2A317-DECE-4B5B-AF90-1858A9C121A0}.Release|Any CPU.Build.0 = Release|Any CPU
		{C45FA6B5-13A8-4733-AB34-98E10292F7BC}.Debug|Any CPU.ActiveCfg = Debug|Any CPU
		{C45FA6B5-13A8-4733-AB34-98E10292F7BC}.Debug|Any CPU.Build.0 = Debug|Any CPU
		{C45FA6B5-13A8-4733-AB34-98E10292F7BC}.Release|Any CPU.ActiveCfg = Release|Any CPU
		{C45FA6B5-13A8-4733-AB34-98E10292F7BC}.Release|Any CPU.Build.0 = Release|Any CPU
	EndGlobalSection
	GlobalSection(SolutionProperties) = preSolution
		HideSolutionNode = FALSE
	EndGlobalSection
	GlobalSection(ExtensibilityGlobals) = postSolution
		SolutionGuid = {3C8C3AA4-3388-4F4D-88F0-8E6CEC241498}
	EndGlobalSection
EndGlobal
